
Microsoft Visual Studio Solution File, Format Version 12.00
# Visual Studio 14
VisualStudioVersion = 14.0.23107.0
MinimumVisualStudioVersion = 10.0.40219.1
Project("{FAE04EC0-301F-11D3-BF4B-00C04F79EFBC}") = "WotModTools", "WotModTools\WotModTools.csproj", "{EAFFB253-F0B2-4EBF-B65D-3A76A74B7CB7}"
EndProject
Project("{FAE04EC0-301F-11D3-BF4B-00C04F79EFBC}") = "Test", "Test\Test.csproj", "{769A3664-F1D5-4CF4-8B2B-9D213733BCC6}"
EndProject
Global
	GlobalSection(SolutionConfigurationPlatforms) = preSolution
		Debug|Any CPU = Debug|Any CPU
		Debug|x64 = Debug|x64
		Debug|x86 = Debug|x86
		Release|Any CPU = Release|Any CPU
		Release|x64 = Release|x64
		Release|x86 = Release|x86
	EndGlobalSection
	GlobalSection(ProjectConfigurationPlatforms) = postSolution
		{EAFFB253-F0B2-4EBF-B65D-3A76A74B7CB7}.Debug|Any CPU.ActiveCfg = Debug|Any CPU
		{EAFFB253-F0B2-4EBF-B65D-3A76A74B7CB7}.Debug|Any CPU.Build.0 = Debug|Any CPU
		{EAFFB253-F0B2-4EBF-B65D-3A76A74B7CB7}.Debug|x64.ActiveCfg = Debug|Any CPU
		{EAFFB253-F0B2-4EBF-B65D-3A76A74B7CB7}.Debug|x64.Build.0 = Debug|Any CPU
		{EAFFB253-F0B2-4EBF-B65D-3A76A74B7CB7}.Debug|x86.ActiveCfg = Debug|Any CPU
		{EAFFB253-F0B2-4EBF-B65D-3A76A74B7CB7}.Debug|x86.Build.0 = Debug|Any CPU
		{EAFFB253-F0B2-4EBF-B65D-3A76A74B7CB7}.Release|Any CPU.ActiveCfg = Release|Any CPU
		{EAFFB253-F0B2-4EBF-B65D-3A76A74B7CB7}.Release|Any CPU.Build.0 = Release|Any CPU
		{EAFFB253-F0B2-4EBF-B65D-3A76A74B7CB7}.Release|x64.ActiveCfg = Release|Any CPU
		{EAFFB253-F0B2-4EBF-B65D-3A76A74B7CB7}.Release|x64.Build.0 = Release|Any CPU
		{EAFFB253-F0B2-4EBF-B65D-3A76A74B7CB7}.Release|x86.ActiveCfg = Release|Any CPU
		{EAFFB253-F0B2-4EBF-B65D-3A76A74B7CB7}.Release|x86.Build.0 = Release|Any CPU
		{769A3664-F1D5-4CF4-8B2B-9D213733BCC6}.Debug|Any CPU.ActiveCfg = Debug|Any CPU
		{769A3664-F1D5-4CF4-8B2B-9D213733BCC6}.Debug|Any CPU.Build.0 = Debug|Any CPU
		{769A3664-F1D5-4CF4-8B2B-9D213733BCC6}.Debug|x64.ActiveCfg = Debug|Any CPU
		{769A3664-F1D5-4CF4-8B2B-9D213733BCC6}.Debug|x64.Build.0 = Debug|Any CPU
		{769A3664-F1D5-4CF4-8B2B-9D213733BCC6}.Debug|x86.ActiveCfg = Debug|Any CPU
		{769A3664-F1D5-4CF4-8B2B-9D213733BCC6}.Debug|x86.Build.0 = Debug|Any CPU
		{769A3664-F1D5-4CF4-8B2B-9D213733BCC6}.Release|Any CPU.ActiveCfg = Release|Any CPU
		{769A3664-F1D5-4CF4-8B2B-9D213733BCC6}.Release|Any CPU.Build.0 = Release|Any CPU
		{769A3664-F1D5-4CF4-8B2B-9D213733BCC6}.Release|x64.ActiveCfg = Release|Any CPU
		{769A3664-F1D5-4CF4-8B2B-9D213733BCC6}.Release|x64.Build.0 = Release|Any CPU
		{769A3664-F1D5-4CF4-8B2B-9D213733BCC6}.Release|x86.ActiveCfg = Release|Any CPU
		{769A3664-F1D5-4CF4-8B2B-9D213733BCC6}.Release|x86.Build.0 = Release|Any CPU
	EndGlobalSection
	GlobalSection(SolutionProperties) = preSolution
		HideSolutionNode = FALSE
	EndGlobalSection
EndGlobal
